
Microsoft Visual Studio Solution File, Format Version 12.00
# Visual Studio Version 17
VisualStudioVersion = 17.0.32112.339
MinimumVisualStudioVersion = 10.0.40219.1
Project("{FAE04EC0-301F-11D3-BF4B-00C04F79EFBC}") = "Scheduler_Component_Test", "Scheduler_Component_Test\Scheduler_Component_Test.csproj", "{A9664BE8-DCE4-41B5-A072-83B595352685}"
EndProject
Global
	GlobalSection(SolutionConfigurationPlatforms) = preSolution
		Debug|Any CPU = Debug|Any CPU
		Release|Any CPU = Release|Any CPU
	EndGlobalSection
	GlobalSection(ProjectConfigurationPlatforms) = postSolution
		{A9664BE8-DCE4-41B5-A072-83B595352685}.Debug|Any CPU.ActiveCfg = Debug|Any CPU
		{A9664BE8-DCE4-41B5-A072-83B595352685}.Debug|Any CPU.Build.0 = Debug|Any CPU
		{A9664BE8-DCE4-41B5-A072-83B595352685}.Release|Any CPU.ActiveCfg = Release|Any CPU
		{A9664BE8-DCE4-41B5-A072-83B595352685}.Release|Any CPU.Build.0 = Release|Any CPU
	EndGlobalSection
	GlobalSection(SolutionProperties) = preSolution
		HideSolutionNode = FALSE
	EndGlobalSection
	GlobalSection(ExtensibilityGlobals) = postSolution
		SolutionGuid = {318B47F2-F4AC-4596-B7E6-EC9C0C1572E3}
	EndGlobalSection
EndGlobal
